
Microsoft Visual Studio Solution File, Format Version 12.00
# Visual Studio Version 16
VisualStudioVersion = 16.0.29318.209
MinimumVisualStudioVersion = 10.0.40219.1
Project("{FAE04EC0-301F-11D3-BF4B-00C04F79EFBC}") = "During Travel2", "During Travel2\During Travel2.csproj", "{1151F4B1-AE57-41E8-9249-4555AAFC1342}"
EndProject
Global
	GlobalSection(SolutionConfigurationPlatforms) = preSolution
		Debug|Any CPU = Debug|Any CPU
		Release|Any CPU = Release|Any CPU
	EndGlobalSection
	GlobalSection(ProjectConfigurationPlatforms) = postSolution
		{1151F4B1-AE57-41E8-9249-4555AAFC1342}.Debug|Any CPU.ActiveCfg = Debug|Any CPU
		{1151F4B1-AE57-41E8-9249-4555AAFC1342}.Debug|Any CPU.Build.0 = Debug|Any CPU
		{1151F4B1-AE57-41E8-9249-4555AAFC1342}.Release|Any CPU.ActiveCfg = Release|Any CPU
		{1151F4B1-AE57-41E8-9249-4555AAFC1342}.Release|Any CPU.Build.0 = Release|Any CPU
	EndGlobalSection
	GlobalSection(SolutionProperties) = preSolution
		HideSolutionNode = FALSE
	EndGlobalSection
	GlobalSection(ExtensibilityGlobals) = postSolution
		SolutionGuid = {FB5B7F26-6479-42F9-90EC-320BE413E881}
	EndGlobalSection
EndGlobal
